
Microsoft Visual Studio Solution File, Format Version 12.00
# Visual Studio 15
VisualStudioVersion = 15.0.27130.2036
MinimumVisualStudioVersion = 10.0.40219.1
Project("{8BC9CEB8-8B4A-11D0-8D11-00A0C91BC942}") = "Ex3_LongestSubstringWithoutRepeatingCharacters", "Ex3_LongestSubstringWithoutRepeatingCharacters\Ex3_LongestSubstringWithoutRepeatingCharacters.vcxproj", "{664C1FEB-48CA-4AAC-BC14-BFA80168E203}"
EndProject
Project("{8BC9CEB8-8B4A-11D0-8D11-00A0C91BC942}") = "Ex5_LongestPalindromicSubstring", "Ex5_LongestPalindromicSubstring\Ex5_LongestPalindromicSubstring.vcxproj", "{EF46D5A7-9CA6-4C8C-8036-3F3D3CAA9353}"
EndProject
Project("{8BC9CEB8-8B4A-11D0-8D11-00A0C91BC942}") = "Ex9_PalindromeNumber", "Ex9_PalindromeNumber\PalindromeNumber.vcxproj", "{DE10F0FB-4455-43D9-9ACC-0042C83C8C71}"
EndProject
Project("{8BC9CEB8-8B4A-11D0-8D11-00A0C91BC942}") = "Ex6_ZigZagConversion", "Ex6_ZigZagConversion\ZigZagConversion.vcxproj", "{BF4648E8-9686-493D-943A-D11A08A6A57A}"
EndProject
Project("{8BC9CEB8-8B4A-11D0-8D11-00A0C91BC942}") = "Ex11_ContainerWithMostWater", "Ex11_ContainerWithMostWater\Ex11_ContainerWithMostWater.vcxproj", "{45AD93DF-6DD6-405F-BADD-2FEB56B01FE4}"
EndProject
Project("{8BC9CEB8-8B4A-11D0-8D11-00A0C91BC942}") = "Ex14_LongestCommonPrefix", "Ex14_LongestCommonPrefix\Ex14_LongestCommonPrefix.vcxproj", "{E4475E1E-6F0E-4F14-BBBD-AE1C903ABFDD}"
EndProject
Project("{8BC9CEB8-8B4A-11D0-8D11-00A0C91BC942}") = "Ex19_RemoveNthNodeFromEndofList", "Ex19_RemoveNthNodeFromEndofList\Ex19_RemoveNthNodeFromEndofList.vcxproj", "{1BD0F327-8670-4E1F-A78A-DF0684821E73}"
EndProject
Project("{8BC9CEB8-8B4A-11D0-8D11-00A0C91BC942}") = "Ex15_3Sum", "Ex15_3Sum\Ex15_3Sum.vcxproj", "{D63794A4-E3AA-4120-AC6B-2DEC8CD56C0B}"
EndProject
Project("{8BC9CEB8-8B4A-11D0-8D11-00A0C91BC942}") = "Ex16_3SumClosest", "Ex16_3SumClosest\Ex16_3SumClosest.vcxproj", "{9B1FFF12-9A1D-439C-B539-96A43B0CF435}"
EndProject
Project("{8BC9CEB8-8B4A-11D0-8D11-00A0C91BC942}") = "Ex18_4Sum", "Ex18_4Sum\Ex18_4Sum.vcxproj", "{50F4B4D2-CE33-4CA6-9157-D0FDBEC5D901}"
EndProject
Project("{8BC9CEB8-8B4A-11D0-8D11-00A0C91BC942}") = "Ex12_MergeTwoSortedLists", "Ex12_MergeTwoSortedLists\Ex12_MergeTwoSortedLists.vcxproj", "{81A929D5-FD56-4949-AE29-E54F367C6909}"
EndProject
Project("{8BC9CEB8-8B4A-11D0-8D11-00A0C91BC942}") = "Ex17_LetterCombinationsOfAPhoneNumber", "Ex17_LetterCombinationsOfAPhoneNumber\Ex17_LetterCombinationsOfAPhoneNumber.vcxproj", "{B9EDF76F-C063-4C1C-9C61-372157736C86}"
EndProject
Project("{8BC9CEB8-8B4A-11D0-8D11-00A0C91BC942}") = "Ex22_GenerateParentheses", "Ex22_GenerateParentheses\Ex22_GenerateParentheses.vcxproj", "{4E73B11A-8A6F-4EFA-9A88-6623CAC70E79}"
EndProject
Project("{8BC9CEB8-8B4A-11D0-8D11-00A0C91BC942}") = "Ex24_SwapNodesInPairs", "Ex24_SwapNodesInPairs\Ex24_SwapNodesInPairs.vcxproj", "{47537B16-365E-41F3-9458-B796726D37D7}"
EndProject
Project("{8BC9CEB8-8B4A-11D0-8D11-00A0C91BC942}") = "Ex25_ReverseNodesInKGroup", "Ex25_ReverseNodesInKGroup\Ex25_ReverseNodesInKGroup.vcxproj", "{EC5BB5C3-C32C-484F-A8D5-AE52E58A6F38}"
EndProject
Global
	GlobalSection(SolutionConfigurationPlatforms) = preSolution
		Debug|x64 = Debug|x64
		Debug|x86 = Debug|x86
		Release|x64 = Release|x64
		Release|x86 = Release|x86
	EndGlobalSection
	GlobalSection(ProjectConfigurationPlatforms) = postSolution
		{664C1FEB-48CA-4AAC-BC14-BFA80168E203}.Debug|x64.ActiveCfg = Debug|x64
		{664C1FEB-48CA-4AAC-BC14-BFA80168E203}.Debug|x64.Build.0 = Debug|x64
		{664C1FEB-48CA-4AAC-BC14-BFA80168E203}.Debug|x86.ActiveCfg = Debug|Win32
		{664C1FEB-48CA-4AAC-BC14-BFA80168E203}.Debug|x86.Build.0 = Debug|Win32
		{664C1FEB-48CA-4AAC-BC14-BFA80168E203}.Release|x64.ActiveCfg = Release|x64
		{664C1FEB-48CA-4AAC-BC14-BFA80168E203}.Release|x64.Build.0 = Release|x64
		{664C1FEB-48CA-4AAC-BC14-BFA80168E203}.Release|x86.ActiveCfg = Release|Win32
		{664C1FEB-48CA-4AAC-BC14-BFA80168E203}.Release|x86.Build.0 = Release|Win32
		{EF46D5A7-9CA6-4C8C-8036-3F3D3CAA9353}.Debug|x64.ActiveCfg = Debug|x64
		{EF46D5A7-9CA6-4C8C-8036-3F3D3CAA9353}.Debug|x64.Build.0 = Debug|x64
		{EF46D5A7-9CA6-4C8C-8036-3F3D3CAA9353}.Debug|x86.ActiveCfg = Debug|Win32
		{EF46D5A7-9CA6-4C8C-8036-3F3D3CAA9353}.Debug|x86.Build.0 = Debug|Win32
		{EF46D5A7-9CA6-4C8C-8036-3F3D3CAA9353}.Release|x64.ActiveCfg = Release|x64
		{EF46D5A7-9CA6-4C8C-8036-3F3D3CAA9353}.Release|x64.Build.0 = Release|x64
		{EF46D5A7-9CA6-4C8C-8036-3F3D3CAA9353}.Release|x86.ActiveCfg = Release|Win32
		{EF46D5A7-9CA6-4C8C-8036-3F3D3CAA9353}.Release|x86.Build.0 = Release|Win32
		{DE10F0FB-4455-43D9-9ACC-0042C83C8C71}.Debug|x64.ActiveCfg = Debug|x64
		{DE10F0FB-4455-43D9-9ACC-0042C83C8C71}.Debug|x64.Build.0 = Debug|x64
		{DE10F0FB-4455-43D9-9ACC-0042C83C8C71}.Debug|x86.ActiveCfg = Debug|Win32
		{DE10F0FB-4455-43D9-9ACC-0042C83C8C71}.Debug|x86.Build.0 = Debug|Win32
		{DE10F0FB-4455-43D9-9ACC-0042C83C8C71}.Release|x64.ActiveCfg = Release|x64
		{DE10F0FB-4455-43D9-9ACC-0042C83C8C71}.Release|x64.Build.0 = Release|x64
		{DE10F0FB-4455-43D9-9ACC-0042C83C8C71}.Release|x86.ActiveCfg = Release|Win32
		{DE10F0FB-4455-43D9-9ACC-0042C83C8C71}.Release|x86.Build.0 = Release|Win32
		{BF4648E8-9686-493D-943A-D11A08A6A57A}.Debug|x64.ActiveCfg = Debug|x64
		{BF4648E8-9686-493D-943A-D11A08A6A57A}.Debug|x64.Build.0 = Debug|x64
		{BF4648E8-9686-493D-943A-D11A08A6A57A}.Debug|x86.ActiveCfg = Debug|Win32
		{BF4648E8-9686-493D-943A-D11A08A6A57A}.Debug|x86.Build.0 = Debug|Win32
		{BF4648E8-9686-493D-943A-D11A08A6A57A}.Release|x64.ActiveCfg = Release|x64
		{BF4648E8-9686-493D-943A-D11A08A6A57A}.Release|x64.Build.0 = Release|x64
		{BF4648E8-9686-493D-943A-D11A08A6A57A}.Release|x86.ActiveCfg = Release|Win32
		{BF4648E8-9686-493D-943A-D11A08A6A57A}.Release|x86.Build.0 = Release|Win32
		{45AD93DF-6DD6-405F-BADD-2FEB56B01FE4}.Debug|x64.ActiveCfg = Debug|x64
		{45AD93DF-6DD6-405F-BADD-2FEB56B01FE4}.Debug|x64.Build.0 = Debug|x64
		{45AD93DF-6DD6-405F-BADD-2FEB56B01FE4}.Debug|x86.ActiveCfg = Debug|Win32
		{45AD93DF-6DD6-405F-BADD-2FEB56B01FE4}.Debug|x86.Build.0 = Debug|Win32
		{45AD93DF-6DD6-405F-BADD-2FEB56B01FE4}.Release|x64.ActiveCfg = Release|x64
		{45AD93DF-6DD6-405F-BADD-2FEB56B01FE4}.Release|x64.Build.0 = Release|x64
		{45AD93DF-6DD6-405F-BADD-2FEB56B01FE4}.Release|x86.ActiveCfg = Release|Win32
		{45AD93DF-6DD6-405F-BADD-2FEB56B01FE4}.Release|x86.Build.0 = Release|Win32
		{E4475E1E-6F0E-4F14-BBBD-AE1C903ABFDD}.Debug|x64.ActiveCfg = Debug|x64
		{E4475E1E-6F0E-4F14-BBBD-AE1C903ABFDD}.Debug|x64.Build.0 = Debug|x64
		{E4475E1E-6F0E-4F14-BBBD-AE1C903ABFDD}.Debug|x86.ActiveCfg = Debug|Win32
		{E4475E1E-6F0E-4F14-BBBD-AE1C903ABFDD}.Debug|x86.Build.0 = Debug|Win32
		{E4475E1E-6F0E-4F14-BBBD-AE1C903ABFDD}.Release|x64.ActiveCfg = Release|x64
		{E4475E1E-6F0E-4F14-BBBD-AE1C903ABFDD}.Release|x64.Build.0 = Release|x64
		{E4475E1E-6F0E-4F14-BBBD-AE1C903ABFDD}.Release|x86.ActiveCfg = Release|Win32
		{E4475E1E-6F0E-4F14-BBBD-AE1C903ABFDD}.Release|x86.Build.0 = Release|Win32
		{1BD0F327-8670-4E1F-A78A-DF0684821E73}.Debug|x64.ActiveCfg = Debug|x64
		{1BD0F327-8670-4E1F-A78A-DF0684821E73}.Debug|x64.Build.0 = Debug|x64
		{1BD0F327-8670-4E1F-A78A-DF0684821E73}.Debug|x86.ActiveCfg = Debug|Win32
		{1BD0F327-8670-4E1F-A78A-DF0684821E73}.Debug|x86.Build.0 = Debug|Win32
		{1BD0F327-8670-4E1F-A78A-DF0684821E73}.Release|x64.ActiveCfg = Release|x64
		{1BD0F327-8670-4E1F-A78A-DF0684821E73}.Release|x64.Build.0 = Release|x64
		{1BD0F327-8670-4E1F-A78A-DF0684821E73}.Release|x86.ActiveCfg = Release|Win32
		{1BD0F327-8670-4E1F-A78A-DF0684821E73}.Release|x86.Build.0 = Release|Win32
		{D63794A4-E3AA-4120-AC6B-2DEC8CD56C0B}.Debug|x64.ActiveCfg = Debug|x64
		{D63794A4-E3AA-4120-AC6B-2DEC8CD56C0B}.Debug|x64.Build.0 = Debug|x64
		{D63794A4-E3AA-4120-AC6B-2DEC8CD56C0B}.Debug|x86.ActiveCfg = Debug|Win32
		{D63794A4-E3AA-4120-AC6B-2DEC8CD56C0B}.Debug|x86.Build.0 = Debug|Win32
		{D63794A4-E3AA-4120-AC6B-2DEC8CD56C0B}.Release|x64.ActiveCfg = Release|x64
		{D63794A4-E3AA-4120-AC6B-2DEC8CD56C0B}.Release|x64.Build.0 = Release|x64
		{D63794A4-E3AA-4120-AC6B-2DEC8CD56C0B}.Release|x86.ActiveCfg = Release|Win32
		{D63794A4-E3AA-4120-AC6B-2DEC8CD56C0B}.Release|x86.Build.0 = Release|Win32
		{9B1FFF12-9A1D-439C-B539-96A43B0CF435}.Debug|x64.ActiveCfg = Debug|x64
		{9B1FFF12-9A1D-439C-B539-96A43B0CF435}.Debug|x64.Build.0 = Debug|x64
		{9B1FFF12-9A1D-439C-B539-96A43B0CF435}.Debug|x86.ActiveCfg = Debug|Win32
		{9B1FFF12-9A1D-439C-B539-96A43B0CF435}.Debug|x86.Build.0 = Debug|Win32
		{9B1FFF12-9A1D-439C-B539-96A43B0CF435}.Release|x64.ActiveCfg = Release|x64
		{9B1FFF12-9A1D-439C-B539-96A43B0CF435}.Release|x64.Build.0 = Release|x64
		{9B1FFF12-9A1D-439C-B539-96A43B0CF435}.Release|x86.ActiveCfg = Release|Win32
		{9B1FFF12-9A1D-439C-B539-96A43B0CF435}.Release|x86.Build.0 = Release|Win32
		{50F4B4D2-CE33-4CA6-9157-D0FDBEC5D901}.Debug|x64.ActiveCfg = Debug|x64
		{50F4B4D2-CE33-4CA6-9157-D0FDBEC5D901}.Debug|x64.Build.0 = Debug|x64
		{50F4B4D2-CE33-4CA6-9157-D0FDBEC5D901}.Debug|x86.ActiveCfg = Debug|Win32
		{50F4B4D2-CE33-4CA6-9157-D0FDBEC5D901}.Debug|x86.Build.0 = Debug|Win32
		{50F4B4D2-CE33-4CA6-9157-D0FDBEC5D901}.Release|x64.ActiveCfg = Release|x64
		{50F4B4D2-CE33-4CA6-9157-D0FDBEC5D901}.Release|x64.Build.0 = Release|x64
		{50F4B4D2-CE33-4CA6-9157-D0FDBEC5D901}.Release|x86.ActiveCfg = Release|Win32
		{50F4B4D2-CE33-4CA6-9157-D0FDBEC5D901}.Release|x86.Build.0 = Release|Win32
		{81A929D5-FD56-4949-AE29-E54F367C6909}.Debug|x64.ActiveCfg = Debug|x64
		{81A929D5-FD56-4949-AE29-E54F367C6909}.Debug|x64.Build.0 = Debug|x64
		{81A929D5-FD56-4949-AE29-E54F367C6909}.Debug|x86.ActiveCfg = Debug|Win32
		{81A929D5-FD56-4949-AE29-E54F367C6909}.Debug|x86.Build.0 = Debug|Win32
		{81A929D5-FD56-4949-AE29-E54F367C6909}.Release|x64.ActiveCfg = Release|x64
		{81A929D5-FD56-4949-AE29-E54F367C6909}.Release|x64.Build.0 = Release|x64
		{81A929D5-FD56-4949-AE29-E54F367C6909}.Release|x86.ActiveCfg = Release|Win32
		{81A929D5-FD56-4949-AE29-E54F367C6909}.Release|x86.Build.0 = Release|Win32
		{B9EDF76F-C063-4C1C-9C61-372157736C86}.Debug|x64.ActiveCfg = Debug|x64
		{B9EDF76F-C063-4C1C-9C61-372157736C86}.Debug|x64.Build.0 = Debug|x64
		{B9EDF76F-C063-4C1C-9C61-372157736C86}.Debug|x86.ActiveCfg = Debug|Win32
		{B9EDF76F-C063-4C1C-9C61-372157736C86}.Debug|x86.Build.0 = Debug|Win32
		{B9EDF76F-C063-4C1C-9C61-372157736C86}.Release|x64.ActiveCfg = Release|x64
		{B9EDF76F-C063-4C1C-9C61-372157736C86}.Release|x64.Build.0 = Release|x64
		{B9EDF76F-C063-4C1C-9C61-372157736C86}.Release|x86.ActiveCfg = Release|Win32
		{B9EDF76F-C063-4C1C-9C61-372157736C86}.Release|x86.Build.0 = Release|Win32
		{4E73B11A-8A6F-4EFA-9A88-6623CAC70E79}.Debug|x64.ActiveCfg = Debug|x64
		{4E73B11A-8A6F-4EFA-9A88-6623CAC70E79}.Debug|x64.Build.0 = Debug|x64
		{4E73B11A-8A6F-4EFA-9A88-6623CAC70E79}.Debug|x86.ActiveCfg = Debug|Win32
		{4E73B11A-8A6F-4EFA-9A88-6623CAC70E79}.Debug|x86.Build.0 = Debug|Win32
		{4E73B11A-8A6F-4EFA-9A88-6623CAC70E79}.Release|x64.ActiveCfg = Release|x64
		{4E73B11A-8A6F-4EFA-9A88-6623CAC70E79}.Release|x64.Build.0 = Release|x64
		{4E73B11A-8A6F-4EFA-9A88-6623CAC70E79}.Release|x86.ActiveCfg = Release|Win32
		{4E73B11A-8A6F-4EFA-9A88-6623CAC70E79}.Release|x86.Build.0 = Release|Win32
		{47537B16-365E-41F3-9458-B796726D37D7}.Debug|x64.ActiveCfg = Debug|x64
		{47537B16-365E-41F3-9458-B796726D37D7}.Debug|x64.Build.0 = Debug|x64
		{47537B16-365E-41F3-9458-B796726D37D7}.Debug|x86.ActiveCfg = Debug|Win32
		{47537B16-365E-41F3-9458-B796726D37D7}.Debug|x86.Build.0 = Debug|Win32
		{47537B16-365E-41F3-9458-B796726D37D7}.Release|x64.ActiveCfg = Release|x64
		{47537B16-365E-41F3-9458-B796726D37D7}.Release|x64.Build.0 = Release|x64
		{47537B16-365E-41F3-9458-B796726D37D7}.Release|x86.ActiveCfg = Release|Win32
		{47537B16-365E-41F3-9458-B796726D37D7}.Release|x86.Build.0 = Release|Win32
		{EC5BB5C3-C32C-484F-A8D5-AE52E58A6F38}.Debug|x64.ActiveCfg = Debug|x64
		{EC5BB5C3-C32C-484F-A8D5-AE52E58A6F38}.Debug|x64.Build.0 = Debug|x64
		{EC5BB5C3-C32C-484F-A8D5-AE52E58A6F38}.Debug|x86.ActiveCfg = Debug|Win32
		{EC5BB5C3-C32C-484F-A8D5-AE52E58A6F38}.Debug|x86.Build.0 = Debug|Win32
		{EC5BB5C3-C32C-484F-A8D5-AE52E58A6F38}.Release|x64.ActiveCfg = Release|x64
		{EC5BB5C3-C32C-484F-A8D5-AE52E58A6F38}.Release|x64.Build.0 = Release|x64
		{EC5BB5C3-C32C-484F-A8D5-AE52E58A6F38}.Release|x86.ActiveCfg = Release|Win32
		{EC5BB5C3-C32C-484F-A8D5-AE52E58A6F38}.Release|x86.Build.0 = Release|Win32
	EndGlobalSection
	GlobalSection(SolutionProperties) = preSolution
		HideSolutionNode = FALSE
	EndGlobalSection
	GlobalSection(ExtensibilityGlobals) = postSolution
		SolutionGuid = {22F6D341-512D-44FF-9355-823EB737CE80}
	EndGlobalSection
EndGlobal
